// !$*UTF8*$!
{
	archiveVersion = 1;
	classes = {
	};
	objectVersion = 56;
	objects = {

/* Begin PBXBuildFile section */
		D36E5E442AA9C35200F307AC /* project4App.swift in Sources */ = {isa = PBXBuildFile; fileRef = D36E5E432AA9C35200F307AC /* project4App.swift */; };
		D36E5E462AA9C35200F307AC /* StepperView.swift in Sources */ = {isa = PBXBuildFile; fileRef = D36E5E452AA9C35200F307AC /* StepperView.swift */; };
		D36E5E482AA9C35300F307AC /* Assets.xcassets in Resources */ = {isa = PBXBuildFile; fileRef = D36E5E472AA9C35300F307AC /* Assets.xcassets */; };
		D36E5E4B2AA9C35300F307AC /* Preview Assets.xcassets in Resources */ = {isa = PBXBuildFile; fileRef = D36E5E4A2AA9C35300F307AC /* Preview Assets.xcassets */; };
		D36E5E522AA9C71300F307AC /* DatePickerView.swift in Sources */ = {isa = PBXBuildFile; fileRef = D36E5E512AA9C71300F307AC /* DatePickerView.swift */; };
		D36E5E542AA9D2D100F307AC /* workingWithDate.swift in Sources */ = {isa = PBXBuildFile; fileRef = D36E5E532AA9D2D100F307AC /* workingWithDate.swift */; };
		D36E5E562AAB280F00F307AC /* traineCoreML.swift in Sources */ = {isa = PBXBuildFile; fileRef = D36E5E552AAB280E00F307AC /* traineCoreML.swift */; };
		D36E5E582AAB5E1100F307AC /* SleepCalcalutor.mlmodel in Sources */ = {isa = PBXBuildFile; fileRef = D36E5E572AAB5E1100F307AC /* SleepCalcalutor.mlmodel */; };
/* End PBXBuildFile section */

/* Begin PBXFileReference section */
		D36E5E402AA9C35200F307AC /* project4.app */ = {isa = PBXFileReference; explicitFileType = wrapper.application; includeInIndex = 0; path = project4.app; sourceTree = BUILT_PRODUCTS_DIR; };
		D36E5E432AA9C35200F307AC /* project4App.swift */ = {isa = PBXFileReference; lastKnownFileType = sourcecode.swift; path = project4App.swift; sourceTree = "<group>"; };
		D36E5E452AA9C35200F307AC /* StepperView.swift */ = {isa = PBXFileReference; lastKnownFileType = sourcecode.swift; path = StepperView.swift; sourceTree = "<group>"; };
		D36E5E472AA9C35300F307AC /* Assets.xcassets */ = {isa = PBXFileReference; lastKnownFileType = folder.assetcatalog; path = Assets.xcassets; sourceTree = "<group>"; };
		D36E5E4A2AA9C35300F307AC /* Preview Assets.xcassets */ = {isa = PBXFileReference; lastKnownFileType = folder.assetcatalog; path = "Preview Assets.xcassets"; sourceTree = "<group>"; };
		D36E5E512AA9C71300F307AC /* DatePickerView.swift */ = {isa = PBXFileReference; lastKnownFileType = sourcecode.swift; path = DatePickerView.swift; sourceTree = "<group>"; };
		D36E5E532AA9D2D100F307AC /* workingWithDate.swift */ = {isa = PBXFileReference; lastKnownFileType = sourcecode.swift; path = workingWithDate.swift; sourceTree = "<group>"; };
		D36E5E552AAB280E00F307AC /* traineCoreML.swift */ = {isa = PBXFileReference; lastKnownFileType = sourcecode.swift; path = traineCoreML.swift; sourceTree = "<group>"; };
		D36E5E572AAB5E1100F307AC /* SleepCalcalutor.mlmodel */ = {isa = PBXFileReference; lastKnownFileType = file.mlmodel; name = SleepCalcalutor.mlmodel; path = ../../SleepCalcalutor.mlmodel; sourceTree = "<group>"; };
/* End PBXFileReference section */

/* Begin PBXFrameworksBuildPhase section */
		D36E5E3D2AA9C35200F307AC /* Frameworks */ = {
			isa = PBXFrameworksBuildPhase;
			buildActionMask = 2147483647;
			files = (
			);
			runOnlyForDeploymentPostprocessing = 0;
		};
/* End PBXFrameworksBuildPhase section */

/* Begin PBXGroup section */
		D36E5E372AA9C35200F307AC = {
			isa = PBXGroup;
			children = (
				D36E5E422AA9C35200F307AC /* project4 */,
				D36E5E412AA9C35200F307AC /* Products */,
			);
			sourceTree = "<group>";
		};
		D36E5E412AA9C35200F307AC /* Products */ = {
			isa = PBXGroup;
			children = (
				D36E5E402AA9C35200F307AC /* project4.app */,
			);
			name = Products;
			sourceTree = "<group>";
		};
		D36E5E422AA9C35200F307AC /* project4 */ = {
			isa = PBXGroup;
			children = (
				D36E5E432AA9C35200F307AC /* project4App.swift */,
				D36E5E512AA9C71300F307AC /* DatePickerView.swift */,
				D36E5E532AA9D2D100F307AC /* workingWithDate.swift */,
				D36E5E552AAB280E00F307AC /* traineCoreML.swift */,
				D36E5E572AAB5E1100F307AC /* SleepCalcalutor.mlmodel */,
				D36E5E452AA9C35200F307AC /* StepperView.swift */,
				D36E5E472AA9C35300F307AC /* Assets.xcassets */,
				D36E5E492AA9C35300F307AC /* Preview Content */,
			);
			path = project4;
			sourceTree = "<group>";
		};
		D36E5E492AA9C35300F307AC /* Preview Content */ = {
			isa = PBXGroup;
			children = (
				D36E5E4A2AA9C35300F307AC /* Preview Assets.xcassets */,
			);
			path = "Preview Content";
			sourceTree = "<group>";
		};
/* End PBXGroup section */

/* Begin PBXNativeTarget section */
		D36E5E3F2AA9C35200F307AC /* project4 */ = {
			isa = PBXNativeTarget;
			buildConfigurationList = D36E5E4E2AA9C35300F307AC /* Build configuration list for PBXNativeTarget "project4" */;
			buildPhases = (
				D36E5E3C2AA9C35200F307AC /* Sources */,
				D36E5E3D2AA9C35200F307AC /* Frameworks */,
				D36E5E3E2AA9C35200F307AC /* Resources */,
			);
			buildRules = (
			);
			dependencies = (
			);
			name = project4;
			productName = project4;
			productReference = D36E5E402AA9C35200F307AC /* project4.app */;
			productType = "com.apple.product-type.application";
		};
/* End PBXNativeTarget section */

/* Begin PBXProject section */
		D36E5E382AA9C35200F307AC /* Project object */ = {
			isa = PBXProject;
			attributes = {
				BuildIndependentTargetsInParallel = 1;
				LastSwiftUpdateCheck = 1500;
				LastUpgradeCheck = 1500;
				TargetAttributes = {
					D36E5E3F2AA9C35200F307AC = {
						CreatedOnToolsVersion = 15.0;
					};
				};
			};
			buildConfigurationList = D36E5E3B2AA9C35200F307AC /* Build configuration list for PBXProject "project4" */;
			compatibilityVersion = "Xcode 14.0";
			developmentRegion = en;
			hasScannedForEncodings = 0;
			knownRegions = (
				en,
				Base,
			);
			mainGroup = D36E5E372AA9C35200F307AC;
			productRefGroup = D36E5E412AA9C35200F307AC /* Products */;
			projectDirPath = "";
			projectRoot = "";
			targets = (
				D36E5E3F2AA9C35200F307AC /* project4 */,
			);
		};
/* End PBXProject section */

/* Begin PBXResourcesBuildPhase section */
		D36E5E3E2AA9C35200F307AC /* Resources */ = {
			isa = PBXResourcesBuildPhase;
			buildActionMask = 2147483647;
			files = (
				D36E5E4B2AA9C35300F307AC /* Preview Assets.xcassets in Resources */,
				D36E5E482AA9C35300F307AC /* Assets.xcassets in Resources */,
			);
			runOnlyForDeploymentPostprocessing = 0;
		};
/* End PBXResourcesBuildPhase section */

/* Begin PBXSourcesBuildPhase section */
		D36E5E3C2AA9C35200F307AC /* Sources */ = {
			isa = PBXSourcesBuildPhase;
			buildActionMask = 2147483647;
			files = (
				D36E5E562AAB280F00F307AC /* traineCoreML.swift in Sources */,
				D36E5E522AA9C71300F307AC /* DatePickerView.swift in Sources */,
				D36E5E462AA9C35200F307AC /* StepperView.swift in Sources */,
				D36E5E442AA9C35200F307AC /* project4App.swift in Sources */,
				D36E5E582AAB5E1100F307AC /* SleepCalcalutor.mlmodel in Sources */,
				D36E5E542AA9D2D100F307AC /* workingWithDate.swift in Sources */,
			);
			runOnlyForDeploymentPostprocessing = 0;
		};
/* End PBXSourcesBuildPhase section */

/* Begin XCBuildConfiguration section */
		D36E5E4C2AA9C35300F307AC /* Debug */ = {
			isa = XCBuildConfiguration;
			buildSettings = {
				ALWAYS_SEARCH_USER_PATHS = NO;
				ASSETCATALOG_COMPILER_GENERATE_SWIFT_ASSET_SYMBOL_EXTENSIONS = YES;
				CLANG_ANALYZER_NONNULL = YES;
				CLANG_ANALYZER_NUMBER_OBJECT_CONVERSION = YES_AGGRESSIVE;
				CLANG_CXX_LANGUAGE_STANDARD = "gnu++20";
				CLANG_ENABLE_MODULES = YES;
				CLANG_ENABLE_OBJC_ARC = YES;
				CLANG_ENABLE_OBJC_WEAK = YES;
				CLANG_WARN_BLOCK_CAPTURE_AUTORELEASING = YES;
				CLANG_WARN_BOOL_CONVERSION = YES;
				CLANG_WARN_COMMA = YES;
				CLANG_WARN_CONSTANT_CONVERSION = YES;
				CLANG_WARN_DEPRECATED_OBJC_IMPLEMENTATIONS = YES;
				CLANG_WARN_DIRECT_OBJC_ISA_USAGE = YES_ERROR;
				CLANG_WARN_DOCUMENTATION_COMMENTS = YES;
				CLANG_WARN_EMPTY_BODY = YES;
				CLANG_WARN_ENUM_CONVERSION = YES;
				CLANG_WARN_INFINITE_RECURSION = YES;
				CLANG_WARN_INT_CONVERSION = YES;
				CLANG_WARN_NON_LITERAL_NULL_CONVERSION = YES;
				CLANG_WARN_OBJC_IMPLICIT_RETAIN_SELF = YES;
				CLANG_WARN_OBJC_LITERAL_CONVERSION = YES;
				CLANG_WARN_OBJC_ROOT_CLASS = YES_ERROR;
				CLANG_WARN_QUOTED_INCLUDE_IN_FRAMEWORK_HEADER = YES;
				CLANG_WARN_RANGE_LOOP_ANALYSIS = YES;
				CLANG_WARN_STRICT_PROTOTYPES = YES;
				CLANG_WARN_SUSPICIOUS_MOVE = YES;
				CLANG_WARN_UNGUARDED_AVAILABILITY = YES_AGGRESSIVE;
				CLANG_WARN_UNREACHABLE_CODE = YES;
				CLANG_WARN__DUPLICATE_METHOD_MATCH = YES;
				COPY_PHASE_STRIP = NO;
				DEBUG_INFORMATION_FORMAT = dwarf;
				ENABLE_STRICT_OBJC_MSGSEND = YES;
				ENABLE_TESTABILITY = YES;
				ENABLE_USER_SCRIPT_SANDBOXING = YES;
				GCC_C_LANGUAGE_STANDARD = gnu17;
				GCC_DYNAMIC_NO_PIC = NO;
				GCC_NO_COMMON_BLOCKS = YES;
				GCC_OPTIMIZATION_LEVEL = 0;
				GCC_PREPROCESSOR_DEFINITIONS = (
					"DEBUG=1",
					"$(inherited)",
				);
				GCC_WARN_64_TO_32_BIT_CONVERSION = YES;
				GCC_WARN_ABOUT_RETURN_TYPE = YES_ERROR;
				GCC_WARN_UNDECLARED_SELECTOR = YES;
				GCC_WARN_UNINITIALIZED_AUTOS = YES_AGGRESSIVE;
				GCC_WARN_UNUSED_FUNCTION = YES;
				GCC_WARN_UNUSED_VARIABLE = YES;
				IPHONEOS_DEPLOYMENT_TARGET = 17.0;
				LOCALIZATION_PREFERS_STRING_CATALOGS = YES;
				MTL_ENABLE_DEBUG_INFO = INCLUDE_SOURCE;
				MTL_FAST_MATH = YES;
				ONLY_ACTIVE_ARCH = YES;
				SDKROOT = iphoneos;
				SWIFT_ACTIVE_COMPILATION_CONDITIONS = "DEBUG $(inherited)";
				SWIFT_OPTIMIZATION_LEVEL = "-Onone";
			};
			name = Debug;
		};
		D36E5E4D2AA9C35300F307AC /* Release */ = {
			isa = XCBuildConfiguration;
			buildSettings = {
				ALWAYS_SEARCH_USER_PATHS = NO;
				ASSETCATALOG_COMPILER_GENERATE_SWIFT_ASSET_SYMBOL_EXTENSIONS = YES;
				CLANG_ANALYZER_NONNULL = YES;
				CLANG_ANALYZER_NUMBER_OBJECT_CONVERSION = YES_AGGRESSIVE;
				CLANG_CXX_LANGUAGE_STANDARD = "gnu++20";
				CLANG_ENABLE_MODULES = YES;
				CLANG_ENABLE_OBJC_ARC = YES;
				CLANG_ENABLE_OBJC_WEAK = YES;
				CLANG_WARN_BLOCK_CAPTURE_AUTORELEASING = YES;
				CLANG_WARN_BOOL_CONVERSION = YES;
				CLANG_WARN_COMMA = YES;
				CLANG_WARN_CONSTANT_CONVERSION = YES;
				CLANG_WARN_DEPRECATED_OBJC_IMPLEMENTATIONS = YES;
				CLANG_WARN_DIRECT_OBJC_ISA_USAGE = YES_ERROR;
				CLANG_WARN_DOCUMENTATION_COMMENTS = YES;
				CLANG_WARN_EMPTY_BODY = YES;
				CLANG_WARN_ENUM_CONVERSION = YES;
				CLANG_WARN_INFINITE_RECURSION = YES;
				CLANG_WARN_INT_CONVERSION = YES;
				CLANG_WARN_NON_LITERAL_NULL_CONVERSION = YES;
				CLANG_WARN_OBJC_IMPLICIT_RETAIN_SELF = YES;
				CLANG_WARN_OBJC_LITERAL_CONVERSION = YES;
				CLANG_WARN_OBJC_ROOT_CLASS = YES_ERROR;
				CLANG_WARN_QUOTED_INCLUDE_IN_FRAMEWORK_HEADER = YES;
				CLANG_WARN_RANGE_LOOP_ANALYSIS = YES;
				CLANG_WARN_STRICT_PROTOTYPES = YES;
				CLANG_WARN_SUSPICIOUS_MOVE = YES;
				CLANG_WARN_UNGUARDED_AVAILABILITY = YES_AGGRESSIVE;
				CLANG_WARN_UNREACHABLE_CODE = YES;
				CLANG_WARN__DUPLICATE_METHOD_MATCH = YES;
				COPY_PHASE_STRIP = NO;
				DEBUG_INFORMATION_FORMAT = "dwarf-with-dsym";
				ENABLE_NS_ASSERTIONS = NO;
				ENABLE_STRICT_OBJC_MSGSEND = YES;
				ENABLE_USER_SCRIPT_SANDBOXING = YES;
				GCC_C_LANGUAGE_STANDARD = gnu17;
				GCC_NO_COMMON_BLOCKS = YES;
				GCC_WARN_64_TO_32_BIT_CONVERSION = YES;
				GCC_WARN_ABOUT_RETURN_TYPE = YES_ERROR;
				GCC_WARN_UNDECLARED_SELECTOR = YES;
				GCC_WARN_UNINITIALIZED_AUTOS = YES_AGGRESSIVE;
				GCC_WARN_UNUSED_FUNCTION = YES;
				GCC_WARN_UNUSED_VARIABLE = YES;
				IPHONEOS_DEPLOYMENT_TARGET = 17.0;
				LOCALIZATION_PREFERS_STRING_CATALOGS = YES;
				MTL_ENABLE_DEBUG_INFO = NO;
				MTL_FAST_MATH = YES;
				SDKROOT = iphoneos;
				SWIFT_COMPILATION_MODE = wholemodule;
				VALIDATE_PRODUCT = YES;
			};
			name = Release;
		};
		D36E5E4F2AA9C35300F307AC /* Debug */ = {
			isa = XCBuildConfiguration;
			buildSettings = {
				ASSETCATALOG_COMPILER_APPICON_NAME = AppIcon;
				ASSETCATALOG_COMPILER_GLOBAL_ACCENT_COLOR_NAME = AccentColor;
				CODE_SIGN_STYLE = Automatic;
				CURRENT_PROJECT_VERSION = 1;
				DEVELOPMENT_ASSET_PATHS = "\"project4/Preview Content\"";
				DEVELOPMENT_TEAM = ATN68Q8Z3E;
				ENABLE_PREVIEWS = YES;
				GENERATE_INFOPLIST_FILE = YES;
				INFOPLIST_KEY_UIApplicationSceneManifest_Generation = YES;
				INFOPLIST_KEY_UIApplicationSupportsIndirectInputEvents = YES;
				INFOPLIST_KEY_UILaunchScreen_Generation = YES;
				INFOPLIST_KEY_UISupportedInterfaceOrientations_iPad = "UIInterfaceOrientationPortrait UIInterfaceOrientationPortraitUpsideDown UIInterfaceOrientationLandscapeLeft UIInterfaceOrientationLandscapeRight";
				INFOPLIST_KEY_UISupportedInterfaceOrientations_iPhone = "UIInterfaceOrientationPortrait UIInterfaceOrientationLandscapeLeft UIInterfaceOrientationLandscapeRight";
				LD_RUNPATH_SEARCH_PATHS = (
					"$(inherited)",
					"@executable_path/Frameworks",
				);
				MARKETING_VERSION = 1.0;
				PRODUCT_BUNDLE_IDENTIFIER = "Shakhvorostov-Michail.project4";
				PRODUCT_NAME = "$(TARGET_NAME)";
				SWIFT_EMIT_LOC_STRINGS = YES;
				SWIFT_VERSION = 5.0;
				TARGETED_DEVICE_FAMILY = "1,2";
			};
			name = Debug;
		};
		D36E5E502AA9C35300F307AC /* Release */ = {
			isa = XCBuildConfiguration;
			buildSettings = {
				ASSETCATALOG_COMPILER_APPICON_NAME = AppIcon;
				ASSETCATALOG_COMPILER_GLOBAL_ACCENT_COLOR_NAME = AccentColor;
				CODE_SIGN_STYLE = Automatic;
				CURRENT_PROJECT_VERSION = 1;
				DEVELOPMENT_ASSET_PATHS = "\"project4/Preview Content\"";
				DEVELOPMENT_TEAM = ATN68Q8Z3E;
				ENABLE_PREVIEWS = YES;
				GENERATE_INFOPLIST_FILE = YES;
				INFOPLIST_KEY_UIApplicationSceneManifest_Generation = YES;
				INFOPLIST_KEY_UIApplicationSupportsIndirectInputEvents = YES;
				INFOPLIST_KEY_UILaunchScreen_Generation = YES;
				INFOPLIST_KEY_UISupportedInterfaceOrientations_iPad = "UIInterfaceOrientationPortrait UIInterfaceOrientationPortraitUpsideDown UIInterfaceOrientationLandscapeLeft UIInterfaceOrientationLandscapeRight";
				INFOPLIST_KEY_UISupportedInterfaceOrientations_iPhone = "UIInterfaceOrientationPortrait UIInterfaceOrientationLandscapeLeft UIInterfaceOrientationLandscapeRight";
				LD_RUNPATH_SEARCH_PATHS = (
					"$(inherited)",
					"@executable_path/Frameworks",
				);
				MARKETING_VERSION = 1.0;
				PRODUCT_BUNDLE_IDENTIFIER = "Shakhvorostov-Michail.project4";
				PRODUCT_NAME = "$(TARGET_NAME)";
				SWIFT_EMIT_LOC_STRINGS = YES;
				SWIFT_VERSION = 5.0;
				TARGETED_DEVICE_FAMILY = "1,2";
			};
			name = Release;
		};
/* End XCBuildConfiguration section */

/* Begin XCConfigurationList section */
		D36E5E3B2AA9C35200F307AC /* Build configuration list for PBXProject "project4" */ = {
			isa = XCConfigurationList;
			buildConfigurations = (
				D36E5E4C2AA9C35300F307AC /* Debug */,
				D36E5E4D2AA9C35300F307AC /* Release */,
			);
			defaultConfigurationIsVisible = 0;
			defaultConfigurationName = Release;
		};
		D36E5E4E2AA9C35300F307AC /* Build configuration list for PBXNativeTarget "project4" */ = {
			isa = XCConfigurationList;
			buildConfigurations = (
				D36E5E4F2AA9C35300F307AC /* Debug */,
				D36E5E502AA9C35300F307AC /* Release */,
			);
			defaultConfigurationIsVisible = 0;
			defaultConfigurationName = Release;
		};
/* End XCConfigurationList section */
	};
	rootObject = D36E5E382AA9C35200F307AC /* Project object */;
}
