// !$*UTF8*$!
{
	archiveVersion = 1;
	classes = {
	};
	objectVersion = 56;
	objects = {

/* Begin PBXBuildFile section */
		D36CA74B2A9617AE004D54B3 /* NavView.swift in Sources */ = {isa = PBXBuildFile; fileRef = D36CA74A2A9617AE004D54B3 /* NavView.swift */; };
		D36CA74D2A961B09004D54B3 /* ProgramStateView.swift in Sources */ = {isa = PBXBuildFile; fileRef = D36CA74C2A961B09004D54B3 /* ProgramStateView.swift */; };
		D36CA74F2A961E2E004D54B3 /* TextField.swift in Sources */ = {isa = PBXBuildFile; fileRef = D36CA74E2A961E2E004D54B3 /* TextField.swift */; };
		D36CA7512A962170004D54B3 /* ForView.swift in Sources */ = {isa = PBXBuildFile; fileRef = D36CA7502A962170004D54B3 /* ForView.swift */; };
		D36CA7532A962838004D54B3 /* ReadingTextField.swift in Sources */ = {isa = PBXBuildFile; fileRef = D36CA7522A962838004D54B3 /* ReadingTextField.swift */; };
		D36CA7552A962DF3004D54B3 /* WeSplitView.swift in Sources */ = {isa = PBXBuildFile; fileRef = D36CA7542A962DF3004D54B3 /* WeSplitView.swift */; };
		D3D8525C2A94B71F00ADC770 /* WeSplitApp.swift in Sources */ = {isa = PBXBuildFile; fileRef = D3D8525B2A94B71F00ADC770 /* WeSplitApp.swift */; };
		D3D8525E2A94B71F00ADC770 /* ContentView.swift in Sources */ = {isa = PBXBuildFile; fileRef = D3D8525D2A94B71F00ADC770 /* ContentView.swift */; };
		D3D852602A94B72000ADC770 /* Assets.xcassets in Resources */ = {isa = PBXBuildFile; fileRef = D3D8525F2A94B72000ADC770 /* Assets.xcassets */; };
		D3D852632A94B72000ADC770 /* Preview Assets.xcassets in Resources */ = {isa = PBXBuildFile; fileRef = D3D852622A94B72000ADC770 /* Preview Assets.xcassets */; };
/* End PBXBuildFile section */

/* Begin PBXFileReference section */
		D36CA74A2A9617AE004D54B3 /* NavView.swift */ = {isa = PBXFileReference; lastKnownFileType = sourcecode.swift; path = NavView.swift; sourceTree = "<group>"; };
		D36CA74C2A961B09004D54B3 /* ProgramStateView.swift */ = {isa = PBXFileReference; lastKnownFileType = sourcecode.swift; path = ProgramStateView.swift; sourceTree = "<group>"; };
		D36CA74E2A961E2E004D54B3 /* TextField.swift */ = {isa = PBXFileReference; lastKnownFileType = sourcecode.swift; path = TextField.swift; sourceTree = "<group>"; };
		D36CA7502A962170004D54B3 /* ForView.swift */ = {isa = PBXFileReference; lastKnownFileType = sourcecode.swift; path = ForView.swift; sourceTree = "<group>"; };
		D36CA7522A962838004D54B3 /* ReadingTextField.swift */ = {isa = PBXFileReference; lastKnownFileType = sourcecode.swift; path = ReadingTextField.swift; sourceTree = "<group>"; };
		D36CA7542A962DF3004D54B3 /* WeSplitView.swift */ = {isa = PBXFileReference; lastKnownFileType = sourcecode.swift; path = WeSplitView.swift; sourceTree = "<group>"; };
		D3D852582A94B71F00ADC770 /* WeSplit.app */ = {isa = PBXFileReference; explicitFileType = wrapper.application; includeInIndex = 0; path = WeSplit.app; sourceTree = BUILT_PRODUCTS_DIR; };
		D3D8525B2A94B71F00ADC770 /* WeSplitApp.swift */ = {isa = PBXFileReference; lastKnownFileType = sourcecode.swift; path = WeSplitApp.swift; sourceTree = "<group>"; };
		D3D8525D2A94B71F00ADC770 /* ContentView.swift */ = {isa = PBXFileReference; lastKnownFileType = sourcecode.swift; path = ContentView.swift; sourceTree = "<group>"; };
		D3D8525F2A94B72000ADC770 /* Assets.xcassets */ = {isa = PBXFileReference; lastKnownFileType = folder.assetcatalog; path = Assets.xcassets; sourceTree = "<group>"; };
		D3D852622A94B72000ADC770 /* Preview Assets.xcassets */ = {isa = PBXFileReference; lastKnownFileType = folder.assetcatalog; path = "Preview Assets.xcassets"; sourceTree = "<group>"; };
/* End PBXFileReference section */

/* Begin PBXFrameworksBuildPhase section */
		D3D852552A94B71F00ADC770 /* Frameworks */ = {
			isa = PBXFrameworksBuildPhase;
			buildActionMask = 2147483647;
			files = (
			);
			runOnlyForDeploymentPostprocessing = 0;
		};
/* End PBXFrameworksBuildPhase section */

/* Begin PBXGroup section */
		D3D8524F2A94B71F00ADC770 = {
			isa = PBXGroup;
			children = (
				D3D8525A2A94B71F00ADC770 /* WeSplit */,
				D3D852592A94B71F00ADC770 /* Products */,
			);
			sourceTree = "<group>";
		};
		D3D852592A94B71F00ADC770 /* Products */ = {
			isa = PBXGroup;
			children = (
				D3D852582A94B71F00ADC770 /* WeSplit.app */,
			);
			name = Products;
			sourceTree = "<group>";
		};
		D3D8525A2A94B71F00ADC770 /* WeSplit */ = {
			isa = PBXGroup;
			children = (
				D36CA7522A962838004D54B3 /* ReadingTextField.swift */,
				D36CA7542A962DF3004D54B3 /* WeSplitView.swift */,
				D3D8525B2A94B71F00ADC770 /* WeSplitApp.swift */,
				D3D8525D2A94B71F00ADC770 /* ContentView.swift */,
				D36CA74A2A9617AE004D54B3 /* NavView.swift */,
				D36CA74C2A961B09004D54B3 /* ProgramStateView.swift */,
				D36CA74E2A961E2E004D54B3 /* TextField.swift */,
				D36CA7502A962170004D54B3 /* ForView.swift */,
				D3D8525F2A94B72000ADC770 /* Assets.xcassets */,
				D3D852612A94B72000ADC770 /* Preview Content */,
			);
			path = WeSplit;
			sourceTree = "<group>";
		};
		D3D852612A94B72000ADC770 /* Preview Content */ = {
			isa = PBXGroup;
			children = (
				D3D852622A94B72000ADC770 /* Preview Assets.xcassets */,
			);
			path = "Preview Content";
			sourceTree = "<group>";
		};
/* End PBXGroup section */

/* Begin PBXNativeTarget section */
		D3D852572A94B71F00ADC770 /* WeSplit */ = {
			isa = PBXNativeTarget;
			buildConfigurationList = D3D852662A94B72000ADC770 /* Build configuration list for PBXNativeTarget "WeSplit" */;
			buildPhases = (
				D3D852542A94B71F00ADC770 /* Sources */,
				D3D852552A94B71F00ADC770 /* Frameworks */,
				D3D852562A94B71F00ADC770 /* Resources */,
			);
			buildRules = (
			);
			dependencies = (
			);
			name = WeSplit;
			productName = WeSplit;
			productReference = D3D852582A94B71F00ADC770 /* WeSplit.app */;
			productType = "com.apple.product-type.application";
		};
/* End PBXNativeTarget section */

/* Begin PBXProject section */
		D3D852502A94B71F00ADC770 /* Project object */ = {
			isa = PBXProject;
			attributes = {
				BuildIndependentTargetsInParallel = 1;
				LastSwiftUpdateCheck = 1500;
				LastUpgradeCheck = 1500;
				TargetAttributes = {
					D3D852572A94B71F00ADC770 = {
						CreatedOnToolsVersion = 15.0;
					};
				};
			};
			buildConfigurationList = D3D852532A94B71F00ADC770 /* Build configuration list for PBXProject "WeSplit" */;
			compatibilityVersion = "Xcode 14.0";
			developmentRegion = en;
			hasScannedForEncodings = 0;
			knownRegions = (
				en,
				Base,
			);
			mainGroup = D3D8524F2A94B71F00ADC770;
			productRefGroup = D3D852592A94B71F00ADC770 /* Products */;
			projectDirPath = "";
			projectRoot = "";
			targets = (
				D3D852572A94B71F00ADC770 /* WeSplit */,
			);
		};
/* End PBXProject section */

/* Begin PBXResourcesBuildPhase section */
		D3D852562A94B71F00ADC770 /* Resources */ = {
			isa = PBXResourcesBuildPhase;
			buildActionMask = 2147483647;
			files = (
				D3D852632A94B72000ADC770 /* Preview Assets.xcassets in Resources */,
				D3D852602A94B72000ADC770 /* Assets.xcassets in Resources */,
			);
			runOnlyForDeploymentPostprocessing = 0;
		};
/* End PBXResourcesBuildPhase section */

/* Begin PBXSourcesBuildPhase section */
		D3D852542A94B71F00ADC770 /* Sources */ = {
			isa = PBXSourcesBuildPhase;
			buildActionMask = 2147483647;
			files = (
				D36CA74B2A9617AE004D54B3 /* NavView.swift in Sources */,
				D3D8525E2A94B71F00ADC770 /* ContentView.swift in Sources */,
				D36CA7512A962170004D54B3 /* ForView.swift in Sources */,
				D36CA74D2A961B09004D54B3 /* ProgramStateView.swift in Sources */,
				D36CA74F2A961E2E004D54B3 /* TextField.swift in Sources */,
				D36CA7532A962838004D54B3 /* ReadingTextField.swift in Sources */,
				D3D8525C2A94B71F00ADC770 /* WeSplitApp.swift in Sources */,
				D36CA7552A962DF3004D54B3 /* WeSplitView.swift in Sources */,
			);
			runOnlyForDeploymentPostprocessing = 0;
		};
/* End PBXSourcesBuildPhase section */

/* Begin XCBuildConfiguration section */
		D3D852642A94B72000ADC770 /* Debug */ = {
			isa = XCBuildConfiguration;
			buildSettings = {
				ALWAYS_SEARCH_USER_PATHS = NO;
				ASSETCATALOG_COMPILER_GENERATE_SWIFT_ASSET_SYMBOL_EXTENSIONS = YES;
				CLANG_ANALYZER_NONNULL = YES;
				CLANG_ANALYZER_NUMBER_OBJECT_CONVERSION = YES_AGGRESSIVE;
				CLANG_CXX_LANGUAGE_STANDARD = "gnu++20";
				CLANG_ENABLE_MODULES = YES;
				CLANG_ENABLE_OBJC_ARC = YES;
				CLANG_ENABLE_OBJC_WEAK = YES;
				CLANG_WARN_BLOCK_CAPTURE_AUTORELEASING = YES;
				CLANG_WARN_BOOL_CONVERSION = YES;
				CLANG_WARN_COMMA = YES;
				CLANG_WARN_CONSTANT_CONVERSION = YES;
				CLANG_WARN_DEPRECATED_OBJC_IMPLEMENTATIONS = YES;
				CLANG_WARN_DIRECT_OBJC_ISA_USAGE = YES_ERROR;
				CLANG_WARN_DOCUMENTATION_COMMENTS = YES;
				CLANG_WARN_EMPTY_BODY = YES;
				CLANG_WARN_ENUM_CONVERSION = YES;
				CLANG_WARN_INFINITE_RECURSION = YES;
				CLANG_WARN_INT_CONVERSION = YES;
				CLANG_WARN_NON_LITERAL_NULL_CONVERSION = YES;
				CLANG_WARN_OBJC_IMPLICIT_RETAIN_SELF = YES;
				CLANG_WARN_OBJC_LITERAL_CONVERSION = YES;
				CLANG_WARN_OBJC_ROOT_CLASS = YES_ERROR;
				CLANG_WARN_QUOTED_INCLUDE_IN_FRAMEWORK_HEADER = YES;
				CLANG_WARN_RANGE_LOOP_ANALYSIS = YES;
				CLANG_WARN_STRICT_PROTOTYPES = YES;
				CLANG_WARN_SUSPICIOUS_MOVE = YES;
				CLANG_WARN_UNGUARDED_AVAILABILITY = YES_AGGRESSIVE;
				CLANG_WARN_UNREACHABLE_CODE = YES;
				CLANG_WARN__DUPLICATE_METHOD_MATCH = YES;
				COPY_PHASE_STRIP = NO;
				DEBUG_INFORMATION_FORMAT = dwarf;
				ENABLE_STRICT_OBJC_MSGSEND = YES;
				ENABLE_TESTABILITY = YES;
				ENABLE_USER_SCRIPT_SANDBOXING = YES;
				GCC_C_LANGUAGE_STANDARD = gnu17;
				GCC_DYNAMIC_NO_PIC = NO;
				GCC_NO_COMMON_BLOCKS = YES;
				GCC_OPTIMIZATION_LEVEL = 0;
				GCC_PREPROCESSOR_DEFINITIONS = (
					"DEBUG=1",
					"$(inherited)",
				);
				GCC_WARN_64_TO_32_BIT_CONVERSION = YES;
				GCC_WARN_ABOUT_RETURN_TYPE = YES_ERROR;
				GCC_WARN_UNDECLARED_SELECTOR = YES;
				GCC_WARN_UNINITIALIZED_AUTOS = YES_AGGRESSIVE;
				GCC_WARN_UNUSED_FUNCTION = YES;
				GCC_WARN_UNUSED_VARIABLE = YES;
				IPHONEOS_DEPLOYMENT_TARGET = 17.0;
				LOCALIZATION_PREFERS_STRING_CATALOGS = YES;
				MTL_ENABLE_DEBUG_INFO = INCLUDE_SOURCE;
				MTL_FAST_MATH = YES;
				ONLY_ACTIVE_ARCH = YES;
				SDKROOT = iphoneos;
				SWIFT_ACTIVE_COMPILATION_CONDITIONS = "DEBUG $(inherited)";
				SWIFT_OPTIMIZATION_LEVEL = "-Onone";
			};
			name = Debug;
		};
		D3D852652A94B72000ADC770 /* Release */ = {
			isa = XCBuildConfiguration;
			buildSettings = {
				ALWAYS_SEARCH_USER_PATHS = NO;
				ASSETCATALOG_COMPILER_GENERATE_SWIFT_ASSET_SYMBOL_EXTENSIONS = YES;
				CLANG_ANALYZER_NONNULL = YES;
				CLANG_ANALYZER_NUMBER_OBJECT_CONVERSION = YES_AGGRESSIVE;
				CLANG_CXX_LANGUAGE_STANDARD = "gnu++20";
				CLANG_ENABLE_MODULES = YES;
				CLANG_ENABLE_OBJC_ARC = YES;
				CLANG_ENABLE_OBJC_WEAK = YES;
				CLANG_WARN_BLOCK_CAPTURE_AUTORELEASING = YES;
				CLANG_WARN_BOOL_CONVERSION = YES;
				CLANG_WARN_COMMA = YES;
				CLANG_WARN_CONSTANT_CONVERSION = YES;
				CLANG_WARN_DEPRECATED_OBJC_IMPLEMENTATIONS = YES;
				CLANG_WARN_DIRECT_OBJC_ISA_USAGE = YES_ERROR;
				CLANG_WARN_DOCUMENTATION_COMMENTS = YES;
				CLANG_WARN_EMPTY_BODY = YES;
				CLANG_WARN_ENUM_CONVERSION = YES;
				CLANG_WARN_INFINITE_RECURSION = YES;
				CLANG_WARN_INT_CONVERSION = YES;
				CLANG_WARN_NON_LITERAL_NULL_CONVERSION = YES;
				CLANG_WARN_OBJC_IMPLICIT_RETAIN_SELF = YES;
				CLANG_WARN_OBJC_LITERAL_CONVERSION = YES;
				CLANG_WARN_OBJC_ROOT_CLASS = YES_ERROR;
				CLANG_WARN_QUOTED_INCLUDE_IN_FRAMEWORK_HEADER = YES;
				CLANG_WARN_RANGE_LOOP_ANALYSIS = YES;
				CLANG_WARN_STRICT_PROTOTYPES = YES;
				CLANG_WARN_SUSPICIOUS_MOVE = YES;
				CLANG_WARN_UNGUARDED_AVAILABILITY = YES_AGGRESSIVE;
				CLANG_WARN_UNREACHABLE_CODE = YES;
				CLANG_WARN__DUPLICATE_METHOD_MATCH = YES;
				COPY_PHASE_STRIP = NO;
				DEBUG_INFORMATION_FORMAT = "dwarf-with-dsym";
				ENABLE_NS_ASSERTIONS = NO;
				ENABLE_STRICT_OBJC_MSGSEND = YES;
				ENABLE_USER_SCRIPT_SANDBOXING = YES;
				GCC_C_LANGUAGE_STANDARD = gnu17;
				GCC_NO_COMMON_BLOCKS = YES;
				GCC_WARN_64_TO_32_BIT_CONVERSION = YES;
				GCC_WARN_ABOUT_RETURN_TYPE = YES_ERROR;
				GCC_WARN_UNDECLARED_SELECTOR = YES;
				GCC_WARN_UNINITIALIZED_AUTOS = YES_AGGRESSIVE;
				GCC_WARN_UNUSED_FUNCTION = YES;
				GCC_WARN_UNUSED_VARIABLE = YES;
				IPHONEOS_DEPLOYMENT_TARGET = 17.0;
				LOCALIZATION_PREFERS_STRING_CATALOGS = YES;
				MTL_ENABLE_DEBUG_INFO = NO;
				MTL_FAST_MATH = YES;
				SDKROOT = iphoneos;
				SWIFT_COMPILATION_MODE = wholemodule;
				VALIDATE_PRODUCT = YES;
			};
			name = Release;
		};
		D3D852672A94B72000ADC770 /* Debug */ = {
			isa = XCBuildConfiguration;
			buildSettings = {
				ASSETCATALOG_COMPILER_APPICON_NAME = AppIcon;
				ASSETCATALOG_COMPILER_GLOBAL_ACCENT_COLOR_NAME = AccentColor;
				CODE_SIGN_STYLE = Automatic;
				CURRENT_PROJECT_VERSION = 1;
				DEVELOPMENT_ASSET_PATHS = "\"WeSplit/Preview Content\"";
				DEVELOPMENT_TEAM = ATN68Q8Z3E;
				ENABLE_PREVIEWS = YES;
				GENERATE_INFOPLIST_FILE = YES;
				INFOPLIST_KEY_UIApplicationSceneManifest_Generation = YES;
				INFOPLIST_KEY_UIApplicationSupportsIndirectInputEvents = YES;
				INFOPLIST_KEY_UILaunchScreen_Generation = YES;
				INFOPLIST_KEY_UISupportedInterfaceOrientations_iPad = "UIInterfaceOrientationPortrait UIInterfaceOrientationPortraitUpsideDown UIInterfaceOrientationLandscapeLeft UIInterfaceOrientationLandscapeRight";
				INFOPLIST_KEY_UISupportedInterfaceOrientations_iPhone = "UIInterfaceOrientationPortrait UIInterfaceOrientationLandscapeLeft UIInterfaceOrientationLandscapeRight";
				LD_RUNPATH_SEARCH_PATHS = (
					"$(inherited)",
					"@executable_path/Frameworks",
				);
				MARKETING_VERSION = 1.0;
				PRODUCT_BUNDLE_IDENTIFIER = "Shakhvorostov-Michail.WeSplit";
				PRODUCT_NAME = "$(TARGET_NAME)";
				SWIFT_EMIT_LOC_STRINGS = YES;
				SWIFT_VERSION = 5.0;
				TARGETED_DEVICE_FAMILY = "1,2";
			};
			name = Debug;
		};
		D3D852682A94B72000ADC770 /* Release */ = {
			isa = XCBuildConfiguration;
			buildSettings = {
				ASSETCATALOG_COMPILER_APPICON_NAME = AppIcon;
				ASSETCATALOG_COMPILER_GLOBAL_ACCENT_COLOR_NAME = AccentColor;
				CODE_SIGN_STYLE = Automatic;
				CURRENT_PROJECT_VERSION = 1;
				DEVELOPMENT_ASSET_PATHS = "\"WeSplit/Preview Content\"";
				DEVELOPMENT_TEAM = ATN68Q8Z3E;
				ENABLE_PREVIEWS = YES;
				GENERATE_INFOPLIST_FILE = YES;
				INFOPLIST_KEY_UIApplicationSceneManifest_Generation = YES;
				INFOPLIST_KEY_UIApplicationSupportsIndirectInputEvents = YES;
				INFOPLIST_KEY_UILaunchScreen_Generation = YES;
				INFOPLIST_KEY_UISupportedInterfaceOrientations_iPad = "UIInterfaceOrientationPortrait UIInterfaceOrientationPortraitUpsideDown UIInterfaceOrientationLandscapeLeft UIInterfaceOrientationLandscapeRight";
				INFOPLIST_KEY_UISupportedInterfaceOrientations_iPhone = "UIInterfaceOrientationPortrait UIInterfaceOrientationLandscapeLeft UIInterfaceOrientationLandscapeRight";
				LD_RUNPATH_SEARCH_PATHS = (
					"$(inherited)",
					"@executable_path/Frameworks",
				);
				MARKETING_VERSION = 1.0;
				PRODUCT_BUNDLE_IDENTIFIER = "Shakhvorostov-Michail.WeSplit";
				PRODUCT_NAME = "$(TARGET_NAME)";
				SWIFT_EMIT_LOC_STRINGS = YES;
				SWIFT_VERSION = 5.0;
				TARGETED_DEVICE_FAMILY = "1,2";
			};
			name = Release;
		};
/* End XCBuildConfiguration section */

/* Begin XCConfigurationList section */
		D3D852532A94B71F00ADC770 /* Build configuration list for PBXProject "WeSplit" */ = {
			isa = XCConfigurationList;
			buildConfigurations = (
				D3D852642A94B72000ADC770 /* Debug */,
				D3D852652A94B72000ADC770 /* Release */,
			);
			defaultConfigurationIsVisible = 0;
			defaultConfigurationName = Release;
		};
		D3D852662A94B72000ADC770 /* Build configuration list for PBXNativeTarget "WeSplit" */ = {
			isa = XCConfigurationList;
			buildConfigurations = (
				D3D852672A94B72000ADC770 /* Debug */,
				D3D852682A94B72000ADC770 /* Release */,
			);
			defaultConfigurationIsVisible = 0;
			defaultConfigurationName = Release;
		};
/* End XCConfigurationList section */
	};
	rootObject = D3D852502A94B71F00ADC770 /* Project object */;
}
