// !$*UTF8*$!
{
	archiveVersion = 1;
	classes = {
	};
	objectVersion = 56;
	objects = {

/* Begin PBXBuildFile section */
		D3317DBA2ACC2B420029546B /* Bookworm2App.swift in Sources */ = {isa = PBXBuildFile; fileRef = D3317DB92ACC2B420029546B /* Bookworm2App.swift */; };
		D3317DBE2ACC2B430029546B /* Assets.xcassets in Resources */ = {isa = PBXBuildFile; fileRef = D3317DBD2ACC2B430029546B /* Assets.xcassets */; };
		D3317DC12ACC2B430029546B /* Preview Assets.xcassets in Resources */ = {isa = PBXBuildFile; fileRef = D3317DC02ACC2B430029546B /* Preview Assets.xcassets */; };
		D3317DC92ACC2B530029546B /* Bookworm.xcdatamodeld in Sources */ = {isa = PBXBuildFile; fileRef = D3317DC72ACC2B530029546B /* Bookworm.xcdatamodeld */; };
		D3317DCB2ACC2BF80029546B /* DataController.swift in Sources */ = {isa = PBXBuildFile; fileRef = D3317DCA2ACC2BF80029546B /* DataController.swift */; };
		D3317DCD2ACC2CB20029546B /* RatingView.swift in Sources */ = {isa = PBXBuildFile; fileRef = D3317DCC2ACC2CB20029546B /* RatingView.swift */; };
		D3317DCF2ACC2E5B0029546B /* EmojiRatingView.swift in Sources */ = {isa = PBXBuildFile; fileRef = D3317DCE2ACC2E5B0029546B /* EmojiRatingView.swift */; };
		D3317DD12ACC2EBE0029546B /* AddBook.swift in Sources */ = {isa = PBXBuildFile; fileRef = D3317DD02ACC2EBE0029546B /* AddBook.swift */; };
		D3317DD32ACC32CA0029546B /* CreatingBook.swift in Sources */ = {isa = PBXBuildFile; fileRef = D3317DD22ACC32CA0029546B /* CreatingBook.swift */; };
		D3317DD52ACC34450029546B /* DetailView.swift in Sources */ = {isa = PBXBuildFile; fileRef = D3317DD42ACC34450029546B /* DetailView.swift */; };
		D35554F42AD3EB8A00D9AB83 /* DateBlockView.swift in Sources */ = {isa = PBXBuildFile; fileRef = D35554F32AD3EB8A00D9AB83 /* DateBlockView.swift */; };
		D35554F62AD4169500D9AB83 /* CustomStyleBlockDate.swift in Sources */ = {isa = PBXBuildFile; fileRef = D35554F52AD4169500D9AB83 /* CustomStyleBlockDate.swift */; };
		D35554F92AD41B2A00D9AB83 /* Ext+DateBlockView.swift in Sources */ = {isa = PBXBuildFile; fileRef = D35554F82AD41B2A00D9AB83 /* Ext+DateBlockView.swift */; };
/* End PBXBuildFile section */

/* Begin PBXFileReference section */
		D3317DB62ACC2B420029546B /* Bookworm2.app */ = {isa = PBXFileReference; explicitFileType = wrapper.application; includeInIndex = 0; path = Bookworm2.app; sourceTree = BUILT_PRODUCTS_DIR; };
		D3317DB92ACC2B420029546B /* Bookworm2App.swift */ = {isa = PBXFileReference; lastKnownFileType = sourcecode.swift; path = Bookworm2App.swift; sourceTree = "<group>"; };
		D3317DBD2ACC2B430029546B /* Assets.xcassets */ = {isa = PBXFileReference; lastKnownFileType = folder.assetcatalog; path = Assets.xcassets; sourceTree = "<group>"; };
		D3317DC02ACC2B430029546B /* Preview Assets.xcassets */ = {isa = PBXFileReference; lastKnownFileType = folder.assetcatalog; path = "Preview Assets.xcassets"; sourceTree = "<group>"; };
		D3317DC82ACC2B530029546B /* Bookworm.xcdatamodel */ = {isa = PBXFileReference; lastKnownFileType = wrapper.xcdatamodel; path = Bookworm.xcdatamodel; sourceTree = "<group>"; };
		D3317DCA2ACC2BF80029546B /* DataController.swift */ = {isa = PBXFileReference; lastKnownFileType = sourcecode.swift; path = DataController.swift; sourceTree = "<group>"; };
		D3317DCC2ACC2CB20029546B /* RatingView.swift */ = {isa = PBXFileReference; lastKnownFileType = sourcecode.swift; path = RatingView.swift; sourceTree = "<group>"; };
		D3317DCE2ACC2E5B0029546B /* EmojiRatingView.swift */ = {isa = PBXFileReference; lastKnownFileType = sourcecode.swift; path = EmojiRatingView.swift; sourceTree = "<group>"; };
		D3317DD02ACC2EBE0029546B /* AddBook.swift */ = {isa = PBXFileReference; lastKnownFileType = sourcecode.swift; path = AddBook.swift; sourceTree = "<group>"; };
		D3317DD22ACC32CA0029546B /* CreatingBook.swift */ = {isa = PBXFileReference; lastKnownFileType = sourcecode.swift; path = CreatingBook.swift; sourceTree = "<group>"; };
		D3317DD42ACC34450029546B /* DetailView.swift */ = {isa = PBXFileReference; lastKnownFileType = sourcecode.swift; path = DetailView.swift; sourceTree = "<group>"; };
		D35554F32AD3EB8A00D9AB83 /* DateBlockView.swift */ = {isa = PBXFileReference; lastKnownFileType = sourcecode.swift; path = DateBlockView.swift; sourceTree = "<group>"; };
		D35554F52AD4169500D9AB83 /* CustomStyleBlockDate.swift */ = {isa = PBXFileReference; lastKnownFileType = sourcecode.swift; path = CustomStyleBlockDate.swift; sourceTree = "<group>"; };
		D35554F82AD41B2A00D9AB83 /* Ext+DateBlockView.swift */ = {isa = PBXFileReference; lastKnownFileType = sourcecode.swift; path = "Ext+DateBlockView.swift"; sourceTree = "<group>"; };
/* End PBXFileReference section */

/* Begin PBXFrameworksBuildPhase section */
		D3317DB32ACC2B420029546B /* Frameworks */ = {
			isa = PBXFrameworksBuildPhase;
			buildActionMask = 2147483647;
			files = (
			);
			runOnlyForDeploymentPostprocessing = 0;
		};
/* End PBXFrameworksBuildPhase section */

/* Begin PBXGroup section */
		D3317DAD2ACC2B420029546B = {
			isa = PBXGroup;
			children = (
				D3317DB82ACC2B420029546B /* Bookworm2 */,
				D3317DB72ACC2B420029546B /* Products */,
			);
			sourceTree = "<group>";
		};
		D3317DB72ACC2B420029546B /* Products */ = {
			isa = PBXGroup;
			children = (
				D3317DB62ACC2B420029546B /* Bookworm2.app */,
			);
			name = Products;
			sourceTree = "<group>";
		};
		D3317DB82ACC2B420029546B /* Bookworm2 */ = {
			isa = PBXGroup;
			children = (
				D3317DB92ACC2B420029546B /* Bookworm2App.swift */,
				D3317DD02ACC2EBE0029546B /* AddBook.swift */,
				D3317DD22ACC32CA0029546B /* CreatingBook.swift */,
				D3317DD42ACC34450029546B /* DetailView.swift */,
				D35554F72AD416A500D9AB83 /* DateBlockView */,
				D3317DCA2ACC2BF80029546B /* DataController.swift */,
				D3317DCC2ACC2CB20029546B /* RatingView.swift */,
				D3317DCE2ACC2E5B0029546B /* EmojiRatingView.swift */,
				D3317DC72ACC2B530029546B /* Bookworm.xcdatamodeld */,
				D3317DBD2ACC2B430029546B /* Assets.xcassets */,
				D3317DBF2ACC2B430029546B /* Preview Content */,
			);
			path = Bookworm2;
			sourceTree = "<group>";
		};
		D3317DBF2ACC2B430029546B /* Preview Content */ = {
			isa = PBXGroup;
			children = (
				D3317DC02ACC2B430029546B /* Preview Assets.xcassets */,
			);
			path = "Preview Content";
			sourceTree = "<group>";
		};
		D35554F72AD416A500D9AB83 /* DateBlockView */ = {
			isa = PBXGroup;
			children = (
				D35554F52AD4169500D9AB83 /* CustomStyleBlockDate.swift */,
				D35554F32AD3EB8A00D9AB83 /* DateBlockView.swift */,
				D35554F82AD41B2A00D9AB83 /* Ext+DateBlockView.swift */,
			);
			path = DateBlockView;
			sourceTree = "<group>";
		};
/* End PBXGroup section */

/* Begin PBXNativeTarget section */
		D3317DB52ACC2B420029546B /* Bookworm2 */ = {
			isa = PBXNativeTarget;
			buildConfigurationList = D3317DC42ACC2B430029546B /* Build configuration list for PBXNativeTarget "Bookworm2" */;
			buildPhases = (
				D3317DB22ACC2B420029546B /* Sources */,
				D3317DB32ACC2B420029546B /* Frameworks */,
				D3317DB42ACC2B420029546B /* Resources */,
			);
			buildRules = (
			);
			dependencies = (
			);
			name = Bookworm2;
			productName = Bookworm2;
			productReference = D3317DB62ACC2B420029546B /* Bookworm2.app */;
			productType = "com.apple.product-type.application";
		};
/* End PBXNativeTarget section */

/* Begin PBXProject section */
		D3317DAE2ACC2B420029546B /* Project object */ = {
			isa = PBXProject;
			attributes = {
				BuildIndependentTargetsInParallel = 1;
				LastSwiftUpdateCheck = 1500;
				LastUpgradeCheck = 1500;
				TargetAttributes = {
					D3317DB52ACC2B420029546B = {
						CreatedOnToolsVersion = 15.0;
					};
				};
			};
			buildConfigurationList = D3317DB12ACC2B420029546B /* Build configuration list for PBXProject "Bookworm2" */;
			compatibilityVersion = "Xcode 14.0";
			developmentRegion = en;
			hasScannedForEncodings = 0;
			knownRegions = (
				en,
				Base,
			);
			mainGroup = D3317DAD2ACC2B420029546B;
			productRefGroup = D3317DB72ACC2B420029546B /* Products */;
			projectDirPath = "";
			projectRoot = "";
			targets = (
				D3317DB52ACC2B420029546B /* Bookworm2 */,
			);
		};
/* End PBXProject section */

/* Begin PBXResourcesBuildPhase section */
		D3317DB42ACC2B420029546B /* Resources */ = {
			isa = PBXResourcesBuildPhase;
			buildActionMask = 2147483647;
			files = (
				D3317DC12ACC2B430029546B /* Preview Assets.xcassets in Resources */,
				D3317DBE2ACC2B430029546B /* Assets.xcassets in Resources */,
			);
			runOnlyForDeploymentPostprocessing = 0;
		};
/* End PBXResourcesBuildPhase section */

/* Begin PBXSourcesBuildPhase section */
		D3317DB22ACC2B420029546B /* Sources */ = {
			isa = PBXSourcesBuildPhase;
			buildActionMask = 2147483647;
			files = (
				D35554F42AD3EB8A00D9AB83 /* DateBlockView.swift in Sources */,
				D3317DD52ACC34450029546B /* DetailView.swift in Sources */,
				D3317DCB2ACC2BF80029546B /* DataController.swift in Sources */,
				D3317DD12ACC2EBE0029546B /* AddBook.swift in Sources */,
				D3317DC92ACC2B530029546B /* Bookworm.xcdatamodeld in Sources */,
				D3317DCD2ACC2CB20029546B /* RatingView.swift in Sources */,
				D35554F62AD4169500D9AB83 /* CustomStyleBlockDate.swift in Sources */,
				D3317DD32ACC32CA0029546B /* CreatingBook.swift in Sources */,
				D35554F92AD41B2A00D9AB83 /* Ext+DateBlockView.swift in Sources */,
				D3317DCF2ACC2E5B0029546B /* EmojiRatingView.swift in Sources */,
				D3317DBA2ACC2B420029546B /* Bookworm2App.swift in Sources */,
			);
			runOnlyForDeploymentPostprocessing = 0;
		};
/* End PBXSourcesBuildPhase section */

/* Begin XCBuildConfiguration section */
		D3317DC22ACC2B430029546B /* Debug */ = {
			isa = XCBuildConfiguration;
			buildSettings = {
				ALWAYS_SEARCH_USER_PATHS = NO;
				ASSETCATALOG_COMPILER_GENERATE_SWIFT_ASSET_SYMBOL_EXTENSIONS = YES;
				CLANG_ANALYZER_NONNULL = YES;
				CLANG_ANALYZER_NUMBER_OBJECT_CONVERSION = YES_AGGRESSIVE;
				CLANG_CXX_LANGUAGE_STANDARD = "gnu++20";
				CLANG_ENABLE_MODULES = YES;
				CLANG_ENABLE_OBJC_ARC = YES;
				CLANG_ENABLE_OBJC_WEAK = YES;
				CLANG_WARN_BLOCK_CAPTURE_AUTORELEASING = YES;
				CLANG_WARN_BOOL_CONVERSION = YES;
				CLANG_WARN_COMMA = YES;
				CLANG_WARN_CONSTANT_CONVERSION = YES;
				CLANG_WARN_DEPRECATED_OBJC_IMPLEMENTATIONS = YES;
				CLANG_WARN_DIRECT_OBJC_ISA_USAGE = YES_ERROR;
				CLANG_WARN_DOCUMENTATION_COMMENTS = YES;
				CLANG_WARN_EMPTY_BODY = YES;
				CLANG_WARN_ENUM_CONVERSION = YES;
				CLANG_WARN_INFINITE_RECURSION = YES;
				CLANG_WARN_INT_CONVERSION = YES;
				CLANG_WARN_NON_LITERAL_NULL_CONVERSION = YES;
				CLANG_WARN_OBJC_IMPLICIT_RETAIN_SELF = YES;
				CLANG_WARN_OBJC_LITERAL_CONVERSION = YES;
				CLANG_WARN_OBJC_ROOT_CLASS = YES_ERROR;
				CLANG_WARN_QUOTED_INCLUDE_IN_FRAMEWORK_HEADER = YES;
				CLANG_WARN_RANGE_LOOP_ANALYSIS = YES;
				CLANG_WARN_STRICT_PROTOTYPES = YES;
				CLANG_WARN_SUSPICIOUS_MOVE = YES;
				CLANG_WARN_UNGUARDED_AVAILABILITY = YES_AGGRESSIVE;
				CLANG_WARN_UNREACHABLE_CODE = YES;
				CLANG_WARN__DUPLICATE_METHOD_MATCH = YES;
				COPY_PHASE_STRIP = NO;
				DEBUG_INFORMATION_FORMAT = dwarf;
				ENABLE_STRICT_OBJC_MSGSEND = YES;
				ENABLE_TESTABILITY = YES;
				ENABLE_USER_SCRIPT_SANDBOXING = YES;
				GCC_C_LANGUAGE_STANDARD = gnu17;
				GCC_DYNAMIC_NO_PIC = NO;
				GCC_NO_COMMON_BLOCKS = YES;
				GCC_OPTIMIZATION_LEVEL = 0;
				GCC_PREPROCESSOR_DEFINITIONS = (
					"DEBUG=1",
					"$(inherited)",
				);
				GCC_WARN_64_TO_32_BIT_CONVERSION = YES;
				GCC_WARN_ABOUT_RETURN_TYPE = YES_ERROR;
				GCC_WARN_UNDECLARED_SELECTOR = YES;
				GCC_WARN_UNINITIALIZED_AUTOS = YES_AGGRESSIVE;
				GCC_WARN_UNUSED_FUNCTION = YES;
				GCC_WARN_UNUSED_VARIABLE = YES;
				IPHONEOS_DEPLOYMENT_TARGET = 17.0;
				LOCALIZATION_PREFERS_STRING_CATALOGS = YES;
				MTL_ENABLE_DEBUG_INFO = INCLUDE_SOURCE;
				MTL_FAST_MATH = YES;
				ONLY_ACTIVE_ARCH = YES;
				SDKROOT = iphoneos;
				SWIFT_ACTIVE_COMPILATION_CONDITIONS = "DEBUG $(inherited)";
				SWIFT_OPTIMIZATION_LEVEL = "-Onone";
			};
			name = Debug;
		};
		D3317DC32ACC2B430029546B /* Release */ = {
			isa = XCBuildConfiguration;
			buildSettings = {
				ALWAYS_SEARCH_USER_PATHS = NO;
				ASSETCATALOG_COMPILER_GENERATE_SWIFT_ASSET_SYMBOL_EXTENSIONS = YES;
				CLANG_ANALYZER_NONNULL = YES;
				CLANG_ANALYZER_NUMBER_OBJECT_CONVERSION = YES_AGGRESSIVE;
				CLANG_CXX_LANGUAGE_STANDARD = "gnu++20";
				CLANG_ENABLE_MODULES = YES;
				CLANG_ENABLE_OBJC_ARC = YES;
				CLANG_ENABLE_OBJC_WEAK = YES;
				CLANG_WARN_BLOCK_CAPTURE_AUTORELEASING = YES;
				CLANG_WARN_BOOL_CONVERSION = YES;
				CLANG_WARN_COMMA = YES;
				CLANG_WARN_CONSTANT_CONVERSION = YES;
				CLANG_WARN_DEPRECATED_OBJC_IMPLEMENTATIONS = YES;
				CLANG_WARN_DIRECT_OBJC_ISA_USAGE = YES_ERROR;
				CLANG_WARN_DOCUMENTATION_COMMENTS = YES;
				CLANG_WARN_EMPTY_BODY = YES;
				CLANG_WARN_ENUM_CONVERSION = YES;
				CLANG_WARN_INFINITE_RECURSION = YES;
				CLANG_WARN_INT_CONVERSION = YES;
				CLANG_WARN_NON_LITERAL_NULL_CONVERSION = YES;
				CLANG_WARN_OBJC_IMPLICIT_RETAIN_SELF = YES;
				CLANG_WARN_OBJC_LITERAL_CONVERSION = YES;
				CLANG_WARN_OBJC_ROOT_CLASS = YES_ERROR;
				CLANG_WARN_QUOTED_INCLUDE_IN_FRAMEWORK_HEADER = YES;
				CLANG_WARN_RANGE_LOOP_ANALYSIS = YES;
				CLANG_WARN_STRICT_PROTOTYPES = YES;
				CLANG_WARN_SUSPICIOUS_MOVE = YES;
				CLANG_WARN_UNGUARDED_AVAILABILITY = YES_AGGRESSIVE;
				CLANG_WARN_UNREACHABLE_CODE = YES;
				CLANG_WARN__DUPLICATE_METHOD_MATCH = YES;
				COPY_PHASE_STRIP = NO;
				DEBUG_INFORMATION_FORMAT = "dwarf-with-dsym";
				ENABLE_NS_ASSERTIONS = NO;
				ENABLE_STRICT_OBJC_MSGSEND = YES;
				ENABLE_USER_SCRIPT_SANDBOXING = YES;
				GCC_C_LANGUAGE_STANDARD = gnu17;
				GCC_NO_COMMON_BLOCKS = YES;
				GCC_WARN_64_TO_32_BIT_CONVERSION = YES;
				GCC_WARN_ABOUT_RETURN_TYPE = YES_ERROR;
				GCC_WARN_UNDECLARED_SELECTOR = YES;
				GCC_WARN_UNINITIALIZED_AUTOS = YES_AGGRESSIVE;
				GCC_WARN_UNUSED_FUNCTION = YES;
				GCC_WARN_UNUSED_VARIABLE = YES;
				IPHONEOS_DEPLOYMENT_TARGET = 17.0;
				LOCALIZATION_PREFERS_STRING_CATALOGS = YES;
				MTL_ENABLE_DEBUG_INFO = NO;
				MTL_FAST_MATH = YES;
				SDKROOT = iphoneos;
				SWIFT_COMPILATION_MODE = wholemodule;
				VALIDATE_PRODUCT = YES;
			};
			name = Release;
		};
		D3317DC52ACC2B430029546B /* Debug */ = {
			isa = XCBuildConfiguration;
			buildSettings = {
				ASSETCATALOG_COMPILER_APPICON_NAME = AppIcon;
				ASSETCATALOG_COMPILER_GLOBAL_ACCENT_COLOR_NAME = AccentColor;
				CODE_SIGN_STYLE = Automatic;
				CURRENT_PROJECT_VERSION = 1;
				DEVELOPMENT_ASSET_PATHS = "\"Bookworm2/Preview Content\"";
				DEVELOPMENT_TEAM = ATN68Q8Z3E;
				ENABLE_PREVIEWS = YES;
				GENERATE_INFOPLIST_FILE = YES;
				INFOPLIST_KEY_UIApplicationSceneManifest_Generation = YES;
				INFOPLIST_KEY_UIApplicationSupportsIndirectInputEvents = YES;
				INFOPLIST_KEY_UILaunchScreen_Generation = YES;
				INFOPLIST_KEY_UISupportedInterfaceOrientations_iPad = "UIInterfaceOrientationPortrait UIInterfaceOrientationPortraitUpsideDown UIInterfaceOrientationLandscapeLeft UIInterfaceOrientationLandscapeRight";
				INFOPLIST_KEY_UISupportedInterfaceOrientations_iPhone = "UIInterfaceOrientationPortrait UIInterfaceOrientationLandscapeLeft UIInterfaceOrientationLandscapeRight";
				LD_RUNPATH_SEARCH_PATHS = (
					"$(inherited)",
					"@executable_path/Frameworks",
				);
				MARKETING_VERSION = 1.0;
				PRODUCT_BUNDLE_IDENTIFIER = "Shakhvorostov-Michail.Bookworm2";
				PRODUCT_NAME = "$(TARGET_NAME)";
				SWIFT_EMIT_LOC_STRINGS = YES;
				SWIFT_VERSION = 5.0;
				TARGETED_DEVICE_FAMILY = "1,2";
			};
			name = Debug;
		};
		D3317DC62ACC2B430029546B /* Release */ = {
			isa = XCBuildConfiguration;
			buildSettings = {
				ASSETCATALOG_COMPILER_APPICON_NAME = AppIcon;
				ASSETCATALOG_COMPILER_GLOBAL_ACCENT_COLOR_NAME = AccentColor;
				CODE_SIGN_STYLE = Automatic;
				CURRENT_PROJECT_VERSION = 1;
				DEVELOPMENT_ASSET_PATHS = "\"Bookworm2/Preview Content\"";
				DEVELOPMENT_TEAM = ATN68Q8Z3E;
				ENABLE_PREVIEWS = YES;
				GENERATE_INFOPLIST_FILE = YES;
				INFOPLIST_KEY_UIApplicationSceneManifest_Generation = YES;
				INFOPLIST_KEY_UIApplicationSupportsIndirectInputEvents = YES;
				INFOPLIST_KEY_UILaunchScreen_Generation = YES;
				INFOPLIST_KEY_UISupportedInterfaceOrientations_iPad = "UIInterfaceOrientationPortrait UIInterfaceOrientationPortraitUpsideDown UIInterfaceOrientationLandscapeLeft UIInterfaceOrientationLandscapeRight";
				INFOPLIST_KEY_UISupportedInterfaceOrientations_iPhone = "UIInterfaceOrientationPortrait UIInterfaceOrientationLandscapeLeft UIInterfaceOrientationLandscapeRight";
				LD_RUNPATH_SEARCH_PATHS = (
					"$(inherited)",
					"@executable_path/Frameworks",
				);
				MARKETING_VERSION = 1.0;
				PRODUCT_BUNDLE_IDENTIFIER = "Shakhvorostov-Michail.Bookworm2";
				PRODUCT_NAME = "$(TARGET_NAME)";
				SWIFT_EMIT_LOC_STRINGS = YES;
				SWIFT_VERSION = 5.0;
				TARGETED_DEVICE_FAMILY = "1,2";
			};
			name = Release;
		};
/* End XCBuildConfiguration section */

/* Begin XCConfigurationList section */
		D3317DB12ACC2B420029546B /* Build configuration list for PBXProject "Bookworm2" */ = {
			isa = XCConfigurationList;
			buildConfigurations = (
				D3317DC22ACC2B430029546B /* Debug */,
				D3317DC32ACC2B430029546B /* Release */,
			);
			defaultConfigurationIsVisible = 0;
			defaultConfigurationName = Release;
		};
		D3317DC42ACC2B430029546B /* Build configuration list for PBXNativeTarget "Bookworm2" */ = {
			isa = XCConfigurationList;
			buildConfigurations = (
				D3317DC52ACC2B430029546B /* Debug */,
				D3317DC62ACC2B430029546B /* Release */,
			);
			defaultConfigurationIsVisible = 0;
			defaultConfigurationName = Release;
		};
/* End XCConfigurationList section */

/* Begin XCVersionGroup section */
		D3317DC72ACC2B530029546B /* Bookworm.xcdatamodeld */ = {
			isa = XCVersionGroup;
			children = (
				D3317DC82ACC2B530029546B /* Bookworm.xcdatamodel */,
			);
			currentVersion = D3317DC82ACC2B530029546B /* Bookworm.xcdatamodel */;
			path = Bookworm.xcdatamodeld;
			sourceTree = "<group>";
			versionGroupType = wrapper.xcdatamodel;
		};
/* End XCVersionGroup section */
	};
	rootObject = D3317DAE2ACC2B420029546B /* Project object */;
}
